PODS:
  - ActionSheetPicker-3.0 (1.7.0)
  - Alamofire (1.3.1)
  - MBProgressHUD (0.9.1)
  - Realm (0.94.1):
    - Realm/Headers (= 0.94.1)
  - Realm/Headers (0.94.1)
  - RealmSwift (0.94.1):
    - Realm (= 0.94.1)
  - SwiftForms (1.0)
  - SwiftyJSON (2.2.1)

DEPENDENCIES:
  - ActionSheetPicker-3.0
  - Alamofire (~> 1.3)
  - MBProgressHUD (~> 0.9.1)
  - RealmSwift
  - SwiftForms
  - SwiftyJSON (~> 2.2.1)

SPEC CHECKSUMS:
  ActionSheetPicker-3.0: 6516052442fc8ca8f3cc4b3c7aa0436de12373df
  Alamofire: e4ab637e3195b645c814b87a652373439e59f2a4
  MBProgressHUD: c47f2c166c126cf2ce36498d80f33e754d4e93ad
  Realm: d999a6cf0b41577a077349c9cc9d496cc62a7d17
  RealmSwift: 06b60ff5b1338755654d39aab44ac38001600f76
  SwiftForms: b16bf2978e6eb6617bc9f438322a1daa6c3d2dbd
  SwiftyJSON: ae2d0a3d68025d136602a33c4ee215091ced3e33

COCOAPODS: 0.38.2
